
Microsoft Visual Studio Solution File, Format Version 12.00
# Visual Studio Version 16
VisualStudioVersion = 16.0.30611.23
MinimumVisualStudioVersion = 10.0.40219.1
Project("{FAE04EC0-301F-11D3-BF4B-00C04F79EFBC}") = "ADT.Models", "ADT.Models\ADT.Models.csproj", "{D50DAE06-56DF-45D0-917D-E505B91B6586}"
EndProject
Project("{FAE04EC0-301F-11D3-BF4B-00C04F79EFBC}") = "ADT.UI", "ADT.UI\ADT.UI.csproj", "{CD2C9D1E-7BBD-46D4-A5C8-6A61E2822713}"
EndProject
Global
	GlobalSection(SolutionConfigurationPlatforms) = preSolution
		Debug|Any CPU = Debug|Any CPU
		Release|Any CPU = Release|Any CPU
	EndGlobalSection
	GlobalSection(ProjectConfigurationPlatforms) = postSolution
		{D50DAE06-56DF-45D0-917D-E505B91B6586}.Debug|Any CPU.ActiveCfg = Debug|Any CPU
		{D50DAE06-56DF-45D0-917D-E505B91B6586}.Debug|Any CPU.Build.0 = Debug|Any CPU
		{D50DAE06-56DF-45D0-917D-E505B91B6586}.Release|Any CPU.ActiveCfg = Release|Any CPU
		{D50DAE06-56DF-45D0-917D-E505B91B6586}.Release|Any CPU.Build.0 = Release|Any CPU
		{CD2C9D1E-7BBD-46D4-A5C8-6A61E2822713}.Debug|Any CPU.ActiveCfg = Debug|Any CPU
		{CD2C9D1E-7BBD-46D4-A5C8-6A61E2822713}.Debug|Any CPU.Build.0 = Debug|Any CPU
		{CD2C9D1E-7BBD-46D4-A5C8-6A61E2822713}.Release|Any CPU.ActiveCfg = Release|Any CPU
		{CD2C9D1E-7BBD-46D4-A5C8-6A61E2822713}.Release|Any CPU.Build.0 = Release|Any CPU
	EndGlobalSection
	GlobalSection(SolutionProperties) = preSolution
		HideSolutionNode = FALSE
	EndGlobalSection
	GlobalSection(ExtensibilityGlobals) = postSolution
		SolutionGuid = {9787A958-DECE-46BF-A472-842ABBAD62D6}
	EndGlobalSection
EndGlobal
